
Microsoft Visual Studio Solution File, Format Version 12.00
# Visual Studio Version 17
VisualStudioVersion = 17.6.33829.357
MinimumVisualStudioVersion = 10.0.40219.1
Project("{FAE04EC0-301F-11D3-BF4B-00C04F79EFBC}") = "Calculator", "Calculator\Calculator.csproj", "{C2BD3820-9C28-41E6-9408-23C008123F50}"
EndProject
Project("{FAE04EC0-301F-11D3-BF4B-00C04F79EFBC}") = "Calculator.Tests", "Calculator.Tests\Calculator.Tests.csproj", "{CC8A29F5-0822-4F77-8D9A-4D8EC8675D7E}"
EndProject
Global
	GlobalSection(SolutionConfigurationPlatforms) = preSolution
		Debug|Any CPU = Debug|Any CPU
		Release|Any CPU = Release|Any CPU
	EndGlobalSection
	GlobalSection(ProjectConfigurationPlatforms) = postSolution
		{C2BD3820-9C28-41E6-9408-23C008123F50}.Debug|Any CPU.ActiveCfg = Debug|Any CPU
		{C2BD3820-9C28-41E6-9408-23C008123F50}.Debug|Any CPU.Build.0 = Debug|Any CPU
		{C2BD3820-9C28-41E6-9408-23C008123F50}.Release|Any CPU.ActiveCfg = Release|Any CPU
		{C2BD3820-9C28-41E6-9408-23C008123F50}.Release|Any CPU.Build.0 = Release|Any CPU
		{CC8A29F5-0822-4F77-8D9A-4D8EC8675D7E}.Debug|Any CPU.ActiveCfg = Debug|Any CPU
		{CC8A29F5-0822-4F77-8D9A-4D8EC8675D7E}.Debug|Any CPU.Build.0 = Debug|Any CPU
		{CC8A29F5-0822-4F77-8D9A-4D8EC8675D7E}.Release|Any CPU.ActiveCfg = Release|Any CPU
		{CC8A29F5-0822-4F77-8D9A-4D8EC8675D7E}.Release|Any CPU.Build.0 = Release|Any CPU
	EndGlobalSection
	GlobalSection(SolutionProperties) = preSolution
		HideSolutionNode = FALSE
	EndGlobalSection
	GlobalSection(ExtensibilityGlobals) = postSolution
		SolutionGuid = {503A1D80-9321-45ED-B575-A948F7F93D8F}
	EndGlobalSection
EndGlobal
